
Microsoft Visual Studio Solution File, Format Version 12.00
# Visual Studio Version 17
VisualStudioVersion = 17.11.35219.272
MinimumVisualStudioVersion = 10.0.40219.1
Project("{FAE04EC0-301F-11D3-BF4B-00C04F79EFBC}") = "Elk", "src\Elk.csproj", "{F7A717F8-63CF-4298-A5F2-1E6E307F4B03}"
EndProject
Project("{FAE04EC0-301F-11D3-BF4B-00C04F79EFBC}") = "Elk.Tests", "tests\Elk.Tests.csproj", "{0AD18CCC-C5FC-4A18-A4A1-5ECFDDAE26FF}"
EndProject
Project("{FAE04EC0-301F-11D3-BF4B-00C04F79EFBC}") = "Elk.Cli", "cli\Elk.Cli.csproj", "{E9DDD32E-1FB9-4938-B42A-04A4445EE8C0}"
EndProject
Project("{FAE04EC0-301F-11D3-BF4B-00C04F79EFBC}") = "Elk.DocGen", "doc-gen\Elk.DocGen.csproj", "{3DD279BA-AC36-4FE7-96C4-691A0ADAEB9C}"
EndProject
Project("{FAE04EC0-301F-11D3-BF4B-00C04F79EFBC}") = "Elk.Generators", "generators\Elk.Generators.csproj", "{57421CE2-E3B6-4C8D-823B-F5F963B24D2B}"
EndProject
Project("{FAE04EC0-301F-11D3-BF4B-00C04F79EFBC}") = "Elk.ReadLine", "readline\Elk.ReadLine.csproj", "{BF769EE8-5D64-4D01-917D-F1E5BBBCEE08}"
EndProject
Project("{FAE04EC0-301F-11D3-BF4B-00C04F79EFBC}") = "Elk.LanguageServer", "language-server\Elk.LanguageServer.csproj", "{4C4C9F51-14A9-42C9-B9AE-4ED560878179}"
EndProject
Global
	GlobalSection(SolutionConfigurationPlatforms) = preSolution
		Debug|Any CPU = Debug|Any CPU
		Release|Any CPU = Release|Any CPU
	EndGlobalSection
	GlobalSection(ProjectConfigurationPlatforms) = postSolution
		{F7A717F8-63CF-4298-A5F2-1E6E307F4B03}.Debug|Any CPU.ActiveCfg = Debug|Any CPU
		{F7A717F8-63CF-4298-A5F2-1E6E307F4B03}.Debug|Any CPU.Build.0 = Debug|Any CPU
		{F7A717F8-63CF-4298-A5F2-1E6E307F4B03}.Release|Any CPU.ActiveCfg = Release|Any CPU
		{F7A717F8-63CF-4298-A5F2-1E6E307F4B03}.Release|Any CPU.Build.0 = Release|Any CPU
		{0AD18CCC-C5FC-4A18-A4A1-5ECFDDAE26FF}.Debug|Any CPU.ActiveCfg = Debug|Any CPU
		{0AD18CCC-C5FC-4A18-A4A1-5ECFDDAE26FF}.Debug|Any CPU.Build.0 = Debug|Any CPU
		{0AD18CCC-C5FC-4A18-A4A1-5ECFDDAE26FF}.Release|Any CPU.ActiveCfg = Release|Any CPU
		{0AD18CCC-C5FC-4A18-A4A1-5ECFDDAE26FF}.Release|Any CPU.Build.0 = Release|Any CPU
		{E9DDD32E-1FB9-4938-B42A-04A4445EE8C0}.Debug|Any CPU.ActiveCfg = Debug|Any CPU
		{E9DDD32E-1FB9-4938-B42A-04A4445EE8C0}.Debug|Any CPU.Build.0 = Debug|Any CPU
		{E9DDD32E-1FB9-4938-B42A-04A4445EE8C0}.Release|Any CPU.ActiveCfg = Release|Any CPU
		{E9DDD32E-1FB9-4938-B42A-04A4445EE8C0}.Release|Any CPU.Build.0 = Release|Any CPU
		{3DD279BA-AC36-4FE7-96C4-691A0ADAEB9C}.Debug|Any CPU.ActiveCfg = Debug|Any CPU
		{3DD279BA-AC36-4FE7-96C4-691A0ADAEB9C}.Debug|Any CPU.Build.0 = Debug|Any CPU
		{3DD279BA-AC36-4FE7-96C4-691A0ADAEB9C}.Release|Any CPU.ActiveCfg = Release|Any CPU
		{3DD279BA-AC36-4FE7-96C4-691A0ADAEB9C}.Release|Any CPU.Build.0 = Release|Any CPU
		{57421CE2-E3B6-4C8D-823B-F5F963B24D2B}.Debug|Any CPU.ActiveCfg = Debug|Any CPU
		{57421CE2-E3B6-4C8D-823B-F5F963B24D2B}.Debug|Any CPU.Build.0 = Debug|Any CPU
		{57421CE2-E3B6-4C8D-823B-F5F963B24D2B}.Release|Any CPU.ActiveCfg = Release|Any CPU
		{57421CE2-E3B6-4C8D-823B-F5F963B24D2B}.Release|Any CPU.Build.0 = Release|Any CPU
		{BF769EE8-5D64-4D01-917D-F1E5BBBCEE08}.Debug|Any CPU.ActiveCfg = Debug|Any CPU
		{BF769EE8-5D64-4D01-917D-F1E5BBBCEE08}.Debug|Any CPU.Build.0 = Debug|Any CPU
		{BF769EE8-5D64-4D01-917D-F1E5BBBCEE08}.Release|Any CPU.ActiveCfg = Release|Any CPU
		{BF769EE8-5D64-4D01-917D-F1E5BBBCEE08}.Release|Any CPU.Build.0 = Release|Any CPU
		{4C4C9F51-14A9-42C9-B9AE-4ED560878179}.Debug|Any CPU.ActiveCfg = Debug|Any CPU
		{4C4C9F51-14A9-42C9-B9AE-4ED560878179}.Debug|Any CPU.Build.0 = Debug|Any CPU
		{4C4C9F51-14A9-42C9-B9AE-4ED560878179}.Release|Any CPU.ActiveCfg = Release|Any CPU
		{4C4C9F51-14A9-42C9-B9AE-4ED560878179}.Release|Any CPU.Build.0 = Release|Any CPU
	EndGlobalSection
	GlobalSection(SolutionProperties) = preSolution
		HideSolutionNode = FALSE
	EndGlobalSection
	GlobalSection(ExtensibilityGlobals) = postSolution
		SolutionGuid = {C76CAB22-0452-4338-A84B-CF92BB404BA2}
	EndGlobalSection
EndGlobal
