{
  "version": 1,
  "dependencies": {
    "net9.0": {
      "coverlet.collector": {
        "type": "Direct",
        "requested": "[3.1.0, )",
        "resolved": "3.1.0",
        "contentHash": "YzYqSRrjoP5lULBhTDcTOjuM4IDPPi6PhFsl4w8EI4WdZhE6llt7E38Tg4CHyrS+QKwyu1+9OwkdDgluOdoBTw=="
      },
      "Microsoft.NET.Test.Sdk": {
        "type": "Direct",
        "requested": "[16.11.0, )",
        "resolved": "16.11.0",
        "contentHash": "f4mbG1SUSkNWF5p7B3Y8ZxMsvKhxCmpZhdl+w6tMtLSUGE7Izi1syU6TkmKOvB2BV66pdbENConFAISOix4ohQ==",
        "dependencies": {
          "Microsoft.CodeCoverage": "16.11.0",
          "Microsoft.TestPlatform.TestHost": "16.11.0"
        }
      },
      "NUnit": {
        "type": "Direct",
        "requested": "[3.13.2, )",
        "resolved": "3.13.2",
        "contentHash": "u+fz/lXyR4vlamySNAEMrXvh+GhAQiB6/aVZtU5WjivR5zF26Ui0tfteDtWqT90k9D8y6g8rFKYQC97Z7d195w==",
        "dependencies": {
          "NETStandard.Library": "2.0.0"
        }
      },
      "NUnit3TestAdapter": {
        "type": "Direct",
        "requested": "[4.0.0, )",
        "resolved": "4.0.0",
        "contentHash": "5gCkytgQWL93M5s9Rnl4CfSUhn95VsuMVLYjmZe8K7dNRF7kzrBMPsBTyLNCga5qLW7RM/o591J+HVrV1QMaVQ=="
      },
      "Glob": {
        "type": "Transitive",
        "resolved": "1.1.9",
        "contentHash": "AfK5+ECWYTP7G3AAdnU8IfVj+QpGjrh9GC2mpdcJzCvtQ4pnerAGwHsxJ9D4/RnhDUz2DSzd951O/lQjQby2Sw=="
      },
      "Microsoft.CodeCoverage": {
        "type": "Transitive",
        "resolved": "16.11.0",
        "contentHash": "wf6lpAeCqP0KFfbDVtfL50lr7jY1gq0+0oSphyksfLOEygMDXqnaxHK5LPFtMEhYSEtgXdNyXNnEddOqQQUdlQ=="
      },
      "Microsoft.NETCore.Platforms": {
        "type": "Transitive",
        "resolved": "1.1.0",
        "contentHash": "kz0PEW2lhqygehI/d6XsPCQzD7ff7gUJaVGPVETX611eadGsA3A877GdSlU0LRVMCTH/+P3o2iDTak+S08V2+A=="
      },
      "Microsoft.TestPlatform.ObjectModel": {
        "type": "Transitive",
        "resolved": "16.11.0",
        "contentHash": "EiknJx9N9Z30gs7R+HHhki7fA8EiiM3pwD1vkw3bFsBC8kdVq/O7mHf1hrg5aJp+ASO6BoOzQueD2ysfTOy/Bg==",
        "dependencies": {
          "NuGet.Frameworks": "5.0.0",
          "System.Reflection.Metadata": "1.6.0"
        }
      },
      "Microsoft.TestPlatform.TestHost": {
        "type": "Transitive",
        "resolved": "16.11.0",
        "contentHash": "/Q+R0EcCJE8JaYCk+bGReicw/xrB0HhecrYrUcLbn95BnAlaTJrZhoLkUhvtKTAVtqX/AIKWXYtutiU/Q6QUgg==",
        "dependencies": {
          "Microsoft.TestPlatform.ObjectModel": "16.11.0",
          "Newtonsoft.Json": "9.0.1"
        }
      },
      "NETStandard.Library": {
        "type": "Transitive",
        "resolved": "2.0.0",
        "contentHash": "7jnbRU+L08FXKMxqUflxEXtVymWvNOrS8yHgu9s6EM8Anr6T/wIX4nZ08j/u3Asz+tCufp3YVwFSEvFTPYmBPA==",
        "dependencies": {
          "Microsoft.NETCore.Platforms": "1.1.0"
        }
      },
      "Newtonsoft.Json": {
        "type": "Transitive",
        "resolved": "13.0.3",
        "contentHash": "HrC5BXdl00IP9zeV+0Z848QWPAoCr9P3bDEZguI+gkLcBKAOxix/tLEAAHC+UvDNPv4a2d18lOReHMOagPa+zQ=="
      },
      "NuGet.Frameworks": {
        "type": "Transitive",
        "resolved": "5.0.0",
        "contentHash": "c5JVjuVAm4f7E9Vj+v09Z9s2ZsqFDjBpcsyS3M9xRo0bEdm/LVZSzLxxNvfvAwRiiE8nwe1h2G4OwiwlzFKXlA=="
      },
      "System.Reflection.Metadata": {
        "type": "Transitive",
        "resolved": "1.6.0",
        "contentHash": "COC1aiAJjCoA5GBF+QKL2uLqEBew4JsCkQmoHKbN3TlOZKa2fKLz5CpiRQKDz0RsAOEGsVKqOD5bomsXq/4STQ=="
      },
      "Wcwidth": {
        "type": "Transitive",
        "resolved": "1.0.0",
        "contentHash": "aekut5BeF4c1Jr2qab3aXcttcgPEfPb2ok2L8911EIzn3RnDBYnUWgx/1OVlqrSXCdwAkBpNgYWXb6b5t4cBng=="
      },
      "elk": {
        "type": "Project",
        "dependencies": {
          "Elk.ReadLine": "[1.0.0, )",
          "Glob": "[1.1.9, )",
          "Newtonsoft.Json": "[13.0.3, )"
        }
      },
      "elk.readline": {
        "type": "Project",
        "dependencies": {
          "Wcwidth": "[1.0.0, )"
        }
      }
    }
  }
}